
Microsoft Visual Studio Solution File, Format Version 12.00
# Visual Studio Version 16
VisualStudioVersion = 16.0.30503.244
MinimumVisualStudioVersion = 10.0.40219.1
Project("{FAE04EC0-301F-11D3-BF4B-00C04F79EFBC}") = "DataAccess", "DataAccess\DataAccess.csproj", "{DFDC092A-975F-44A9-A993-744EAD5B539E}"
EndProject
Project("{FAE04EC0-301F-11D3-BF4B-00C04F79EFBC}") = "Business", "Business\Business.csproj", "{87297AB0-6858-4406-9B87-9040B5C8CDFF}"
EndProject
Project("{FAE04EC0-301F-11D3-BF4B-00C04F79EFBC}") = "Entities", "Entities\Entities.csproj", "{E67AC353-E565-429D-A671-D3FDB3170430}"
EndProject
Project("{FAE04EC0-301F-11D3-BF4B-00C04F79EFBC}") = "ConsoleUI", "ConsoleUI\ConsoleUI.csproj", "{46A66630-12EF-4121-91B2-9573D0B6655F}"
EndProject
Global
	GlobalSection(SolutionConfigurationPlatforms) = preSolution
		Debug|Any CPU = Debug|Any CPU
		Release|Any CPU = Release|Any CPU
	EndGlobalSection
	GlobalSection(ProjectConfigurationPlatforms) = postSolution
		{DFDC092A-975F-44A9-A993-744EAD5B539E}.Debug|Any CPU.ActiveCfg = Debug|Any CPU
		{DFDC092A-975F-44A9-A993-744EAD5B539E}.Debug|Any CPU.Build.0 = Debug|Any CPU
		{DFDC092A-975F-44A9-A993-744EAD5B539E}.Release|Any CPU.ActiveCfg = Release|Any CPU
		{DFDC092A-975F-44A9-A993-744EAD5B539E}.Release|Any CPU.Build.0 = Release|Any CPU
		{87297AB0-6858-4406-9B87-9040B5C8CDFF}.Debug|Any CPU.ActiveCfg = Debug|Any CPU
		{87297AB0-6858-4406-9B87-9040B5C8CDFF}.Debug|Any CPU.Build.0 = Debug|Any CPU
		{87297AB0-6858-4406-9B87-9040B5C8CDFF}.Release|Any CPU.ActiveCfg = Release|Any CPU
		{87297AB0-6858-4406-9B87-9040B5C8CDFF}.Release|Any CPU.Build.0 = Release|Any CPU
		{E67AC353-E565-429D-A671-D3FDB3170430}.Debug|Any CPU.ActiveCfg = Debug|Any CPU
		{E67AC353-E565-429D-A671-D3FDB3170430}.Debug|Any CPU.Build.0 = Debug|Any CPU
		{E67AC353-E565-429D-A671-D3FDB3170430}.Release|Any CPU.ActiveCfg = Release|Any CPU
		{E67AC353-E565-429D-A671-D3FDB3170430}.Release|Any CPU.Build.0 = Release|Any CPU
		{46A66630-12EF-4121-91B2-9573D0B6655F}.Debug|Any CPU.ActiveCfg = Debug|Any CPU
		{46A66630-12EF-4121-91B2-9573D0B6655F}.Debug|Any CPU.Build.0 = Debug|Any CPU
		{46A66630-12EF-4121-91B2-9573D0B6655F}.Release|Any CPU.ActiveCfg = Release|Any CPU
		{46A66630-12EF-4121-91B2-9573D0B6655F}.Release|Any CPU.Build.0 = Release|Any CPU
	EndGlobalSection
	GlobalSection(SolutionProperties) = preSolution
		HideSolutionNode = FALSE
	EndGlobalSection
	GlobalSection(ExtensibilityGlobals) = postSolution
		SolutionGuid = {E3ABC9D0-D8F4-41C4-AF14-844C3A78D254}
	EndGlobalSection
EndGlobal
